{
  "name": "dep-test",
  "version": "1.0.0",
  "lockfileVersion": 1,
  "requires": true,
  "dependencies": {
    "handstand": {
      "version": "file:../../handstand-1.0.0.tgz",
      "integrity": "sha1-fxhT6Pjq3mznOAUDEdDH9WPkzpA=",
      "requires": {
        "slim-js": "2.9.15"
      }
    },
    "slim-js": {
      "version": "2.9.15",
      "resolved": "https://registry.npmjs.org/slim-js/-/slim-js-2.9.15.tgz",
      "integrity": "sha512-/dRJVp9D5YFB4nGcYqSVe25kMrNmec5Fu4opoRzEj9qjpDkcCg/8CN18CeWGAfSQf/kKcEqe+QkIpt7uB9Z4zA=="
    }
  }
}
